
Microsoft Visual Studio Solution File, Format Version 12.00
# Visual Studio Version 17
VisualStudioVersion = 17.4.33403.182
MinimumVisualStudioVersion = 10.0.40219.1
Project("{FAE04EC0-301F-11D3-BF4B-00C04F79EFBC}") = "Strings", "Strings\Strings.csproj", "{FF77EC4A-8A49-4781-8843-380029759405}"
EndProject
Global
	GlobalSection(SolutionConfigurationPlatforms) = preSolution
		Debug|Any CPU = Debug|Any CPU
		Release|Any CPU = Release|Any CPU
	EndGlobalSection
	GlobalSection(ProjectConfigurationPlatforms) = postSolution
		{FF77EC4A-8A49-4781-8843-380029759405}.Debug|Any CPU.ActiveCfg = Debug|Any CPU
		{FF77EC4A-8A49-4781-8843-380029759405}.Debug|Any CPU.Build.0 = Debug|Any CPU
		{FF77EC4A-8A49-4781-8843-380029759405}.Release|Any CPU.ActiveCfg = Release|Any CPU
		{FF77EC4A-8A49-4781-8843-380029759405}.Release|Any CPU.Build.0 = Release|Any CPU
	EndGlobalSection
	GlobalSection(SolutionProperties) = preSolution
		HideSolutionNode = FALSE
	EndGlobalSection
	GlobalSection(ExtensibilityGlobals) = postSolution
		SolutionGuid = {B9738985-8841-483F-B1E4-C1FFCD6255C8}
	EndGlobalSection
EndGlobal
